
Microsoft Visual Studio Solution File, Format Version 12.00
# Visual Studio Version 16
VisualStudioVersion = 16.0.31205.134
MinimumVisualStudioVersion = 10.0.40219.1
Project("{FAE04EC0-301F-11D3-BF4B-00C04F79EFBC}") = "ConsoleAppFizzBuzz", "ConsoleAppFizzBuzz\ConsoleAppFizzBuzz.csproj", "{0B739957-0F9F-4956-99C1-B3CAFCD0129E}"
EndProject
Project("{FAE04EC0-301F-11D3-BF4B-00C04F79EFBC}") = "FizzBuzz.lib", "FizzBuzz.lib\FizzBuzz.lib.csproj", "{4811C9CD-2E8D-47F0-B7D5-5EDFE0032C14}"
EndProject
Project("{FAE04EC0-301F-11D3-BF4B-00C04F79EFBC}") = "UnitTestFizzBuzz", "UnitTestFizzBuzz\UnitTestFizzBuzz.csproj", "{2A595A35-B34F-495A-9FBB-B5375AE37249}"
EndProject
Global
	GlobalSection(SolutionConfigurationPlatforms) = preSolution
		Debug|Any CPU = Debug|Any CPU
		Release|Any CPU = Release|Any CPU
	EndGlobalSection
	GlobalSection(ProjectConfigurationPlatforms) = postSolution
		{0B739957-0F9F-4956-99C1-B3CAFCD0129E}.Debug|Any CPU.ActiveCfg = Debug|Any CPU
		{0B739957-0F9F-4956-99C1-B3CAFCD0129E}.Debug|Any CPU.Build.0 = Debug|Any CPU
		{0B739957-0F9F-4956-99C1-B3CAFCD0129E}.Release|Any CPU.ActiveCfg = Release|Any CPU
		{0B739957-0F9F-4956-99C1-B3CAFCD0129E}.Release|Any CPU.Build.0 = Release|Any CPU
		{4811C9CD-2E8D-47F0-B7D5-5EDFE0032C14}.Debug|Any CPU.ActiveCfg = Debug|Any CPU
		{4811C9CD-2E8D-47F0-B7D5-5EDFE0032C14}.Debug|Any CPU.Build.0 = Debug|Any CPU
		{4811C9CD-2E8D-47F0-B7D5-5EDFE0032C14}.Release|Any CPU.ActiveCfg = Release|Any CPU
		{4811C9CD-2E8D-47F0-B7D5-5EDFE0032C14}.Release|Any CPU.Build.0 = Release|Any CPU
		{2A595A35-B34F-495A-9FBB-B5375AE37249}.Debug|Any CPU.ActiveCfg = Debug|Any CPU
		{2A595A35-B34F-495A-9FBB-B5375AE37249}.Debug|Any CPU.Build.0 = Debug|Any CPU
		{2A595A35-B34F-495A-9FBB-B5375AE37249}.Release|Any CPU.ActiveCfg = Release|Any CPU
		{2A595A35-B34F-495A-9FBB-B5375AE37249}.Release|Any CPU.Build.0 = Release|Any CPU
	EndGlobalSection
	GlobalSection(SolutionProperties) = preSolution
		HideSolutionNode = FALSE
	EndGlobalSection
	GlobalSection(ExtensibilityGlobals) = postSolution
		SolutionGuid = {59E598F0-6016-4769-8E84-EA17ED8EF963}
	EndGlobalSection
EndGlobal
